// !$*UTF8*$!
{
	archiveVersion = 1;
	classes = {
	};
	objectVersion = 46;
	objects = {

/* Begin PBXBuildFile section */
		F23724A91C6EEA70005D1E8A /* AppDelegate.swift in Sources */ = {isa = PBXBuildFile; fileRef = F23724A81C6EEA70005D1E8A /* AppDelegate.swift */; };
		F23724AB1C6EEA70005D1E8A /* ViewController.swift in Sources */ = {isa = PBXBuildFile; fileRef = F23724AA1C6EEA70005D1E8A /* ViewController.swift */; };
		F23724AE1C6EEA70005D1E8A /* Main.storyboard in Resources */ = {isa = PBXBuildFile; fileRef = F23724AC1C6EEA70005D1E8A /* Main.storyboard */; };
		F23724B01C6EEA70005D1E8A /* Assets.xcassets in Resources */ = {isa = PBXBuildFile; fileRef = F23724AF1C6EEA70005D1E8A /* Assets.xcassets */; };
		F23724B31C6EEA70005D1E8A /* LaunchScreen.storyboard in Resources */ = {isa = PBXBuildFile; fileRef = F23724B11C6EEA70005D1E8A /* LaunchScreen.storyboard */; };
		F23724BE1C6EEA71005D1E8A /* chocoswift1Tests.swift in Sources */ = {isa = PBXBuildFile; fileRef = F23724BD1C6EEA71005D1E8A /* chocoswift1Tests.swift */; };
/* End PBXBuildFile section */

/* Begin PBXContainerItemProxy section */
		F23724BA1C6EEA71005D1E8A /* PBXContainerItemProxy */ = {
			isa = PBXContainerItemProxy;
			containerPortal = F237249D1C6EEA70005D1E8A /* Project object */;
			proxyType = 1;
			remoteGlobalIDString = F23724A41C6EEA70005D1E8A;
			remoteInfo = chocoswift1;
		};
/* End PBXContainerItemProxy section */

/* Begin PBXFileReference section */
		F23724A51C6EEA70005D1E8A /* chocoswift1.app */ = {isa = PBXFileReference; explicitFileType = wrapper.application; includeInIndex = 0; path = chocoswift1.app; sourceTree = BUILT_PRODUCTS_DIR; };
		F23724A81C6EEA70005D1E8A /* AppDelegate.swift */ = {isa = PBXFileReference; lastKnownFileType = sourcecode.swift; path = AppDelegate.swift; sourceTree = "<group>"; };
		F23724AA1C6EEA70005D1E8A /* ViewController.swift */ = {isa = PBXFileReference; lastKnownFileType = sourcecode.swift; path = ViewController.swift; sourceTree = "<group>"; };
		F23724AD1C6EEA70005D1E8A /* Base */ = {isa = PBXFileReference; lastKnownFileType = file.storyboard; name = Base; path = Base.lproj/Main.storyboard; sourceTree = "<group>"; };
		F23724AF1C6EEA70005D1E8A /* Assets.xcassets */ = {isa = PBXFileReference; lastKnownFileType = folder.assetcatalog; path = Assets.xcassets; sourceTree = "<group>"; };
		F23724B21C6EEA70005D1E8A /* Base */ = {isa = PBXFileReference; lastKnownFileType = file.storyboard; name = Base; path = Base.lproj/LaunchScreen.storyboard; sourceTree = "<group>"; };
		F23724B41C6EEA70005D1E8A /* Info.plist */ = {isa = PBXFileReference; lastKnownFileType = text.plist.xml; path = Info.plist; sourceTree = "<group>"; };
		F23724B91C6EEA71005D1E8A /* chocoswift1Tests.xctest */ = {isa = PBXFileReference; explicitFileType = wrapper.cfbundle; includeInIndex = 0; path = chocoswift1Tests.xctest; sourceTree = BUILT_PRODUCTS_DIR; };
		F23724BD1C6EEA71005D1E8A /* chocoswift1Tests.swift */ = {isa = PBXFileReference; lastKnownFileType = sourcecode.swift; path = chocoswift1Tests.swift; sourceTree = "<group>"; };
		F23724BF1C6EEA71005D1E8A /* Info.plist */ = {isa = PBXFileReference; lastKnownFileType = text.plist.xml; path = Info.plist; sourceTree = "<group>"; };
/* End PBXFileReference section */

/* Begin PBXFrameworksBuildPhase section */
		F23724A21C6EEA70005D1E8A /* Frameworks */ = {
			isa = PBXFrameworksBuildPhase;
			buildActionMask = 2147483647;
			files = (
			);
			runOnlyForDeploymentPostprocessing = 0;
		};
		F23724B61C6EEA71005D1E8A /* Frameworks */ = {
			isa = PBXFrameworksBuildPhase;
			buildActionMask = 2147483647;
			files = (
			);
			runOnlyForDeploymentPostprocessing = 0;
		};
/* End PBXFrameworksBuildPhase section */

/* Begin PBXGroup section */
		F237249C1C6EEA70005D1E8A = {
			isa = PBXGroup;
			children = (
				F23724A71C6EEA70005D1E8A /* chocoswift1 */,
				F23724BC1C6EEA71005D1E8A /* chocoswift1Tests */,
				F23724A61C6EEA70005D1E8A /* Products */,
			);
			sourceTree = "<group>";
		};
		F23724A61C6EEA70005D1E8A /* Products */ = {
			isa = PBXGroup;
			children = (
				F23724A51C6EEA70005D1E8A /* chocoswift1.app */,
				F23724B91C6EEA71005D1E8A /* chocoswift1Tests.xctest */,
			);
			name = Products;
			sourceTree = "<group>";
		};
		F23724A71C6EEA70005D1E8A /* chocoswift1 */ = {
			isa = PBXGroup;
			children = (
				F23724A81C6EEA70005D1E8A /* AppDelegate.swift */,
				F23724AA1C6EEA70005D1E8A /* ViewController.swift */,
				F23724AC1C6EEA70005D1E8A /* Main.storyboard */,
				F23724AF1C6EEA70005D1E8A /* Assets.xcassets */,
				F23724B11C6EEA70005D1E8A /* LaunchScreen.storyboard */,
				F23724B41C6EEA70005D1E8A /* Info.plist */,
			);
			path = chocoswift1;
			sourceTree = "<group>";
		};
		F23724BC1C6EEA71005D1E8A /* chocoswift1Tests */ = {
			isa = PBXGroup;
			children = (
				F23724BD1C6EEA71005D1E8A /* chocoswift1Tests.swift */,
				F23724BF1C6EEA71005D1E8A /* Info.plist */,
			);
			path = chocoswift1Tests;
			sourceTree = "<group>";
		};
/* End PBXGroup section */

/* Begin PBXNativeTarget section */
		F23724A41C6EEA70005D1E8A /* chocoswift1 */ = {
			isa = PBXNativeTarget;
			buildConfigurationList = F23724C21C6EEA71005D1E8A /* Build configuration list for PBXNativeTarget "chocoswift1" */;
			buildPhases = (
				F23724A11C6EEA70005D1E8A /* Sources */,
				F23724A21C6EEA70005D1E8A /* Frameworks */,
				F23724A31C6EEA70005D1E8A /* Resources */,
			);
			buildRules = (
			);
			dependencies = (
			);
			name = chocoswift1;
			productName = chocoswift1;
			productReference = F23724A51C6EEA70005D1E8A /* chocoswift1.app */;
			productType = "com.apple.product-type.application";
		};
		F23724B81C6EEA71005D1E8A /* chocoswift1Tests */ = {
			isa = PBXNativeTarget;
			buildConfigurationList = F23724C51C6EEA71005D1E8A /* Build configuration list for PBXNativeTarget "chocoswift1Tests" */;
			buildPhases = (
				F23724B51C6EEA71005D1E8A /* Sources */,
				F23724B61C6EEA71005D1E8A /* Frameworks */,
				F23724B71C6EEA71005D1E8A /* Resources */,
			);
			buildRules = (
			);
			dependencies = (
				F23724BB1C6EEA71005D1E8A /* PBXTargetDependency */,
			);
			name = chocoswift1Tests;
			productName = chocoswift1Tests;
			productReference = F23724B91C6EEA71005D1E8A /* chocoswift1Tests.xctest */;
			productType = "com.apple.product-type.bundle.unit-test";
		};
/* End PBXNativeTarget section */

/* Begin PBXProject section */
		F237249D1C6EEA70005D1E8A /* Project object */ = {
			isa = PBXProject;
			attributes = {
				LastSwiftUpdateCheck = 0720;
				LastUpgradeCheck = 0720;
				ORGANIZATIONNAME = haranicle;
				TargetAttributes = {
					F23724A41C6EEA70005D1E8A = {
						CreatedOnToolsVersion = 7.2.1;
					};
					F23724B81C6EEA71005D1E8A = {
						CreatedOnToolsVersion = 7.2.1;
						TestTargetID = F23724A41C6EEA70005D1E8A;
					};
				};
			};
			buildConfigurationList = F23724A01C6EEA70005D1E8A /* Build configuration list for PBXProject "chocoswift1" */;
			compatibilityVersion = "Xcode 3.2";
			developmentRegion = English;
			hasScannedForEncodings = 0;
			knownRegions = (
				en,
				Base,
			);
			mainGroup = F237249C1C6EEA70005D1E8A;
			productRefGroup = F23724A61C6EEA70005D1E8A /* Products */;
			projectDirPath = "";
			projectRoot = "";
			targets = (
				F23724A41C6EEA70005D1E8A /* chocoswift1 */,
				F23724B81C6EEA71005D1E8A /* chocoswift1Tests */,
			);
		};
/* End PBXProject section */

/* Begin PBXResourcesBuildPhase section */
		F23724A31C6EEA70005D1E8A /* Resources */ = {
			isa = PBXResourcesBuildPhase;
			buildActionMask = 2147483647;
			files = (
				F23724B31C6EEA70005D1E8A /* LaunchScreen.storyboard in Resources */,
				F23724B01C6EEA70005D1E8A /* Assets.xcassets in Resources */,
				F23724AE1C6EEA70005D1E8A /* Main.storyboard in Resources */,
			);
			runOnlyForDeploymentPostprocessing = 0;
		};
		F23724B71C6EEA71005D1E8A /* Resources */ = {
			isa = PBXResourcesBuildPhase;
			buildActionMask = 2147483647;
			files = (
			);
			runOnlyForDeploymentPostprocessing = 0;
		};
/* End PBXResourcesBuildPhase section */

/* Begin PBXSourcesBuildPhase section */
		F23724A11C6EEA70005D1E8A /* Sources */ = {
			isa = PBXSourcesBuildPhase;
			buildActionMask = 2147483647;
			files = (
				F23724AB1C6EEA70005D1E8A /* ViewController.swift in Sources */,
				F23724A91C6EEA70005D1E8A /* AppDelegate.swift in Sources */,
			);
			runOnlyForDeploymentPostprocessing = 0;
		};
		F23724B51C6EEA71005D1E8A /* Sources */ = {
			isa = PBXSourcesBuildPhase;
			buildActionMask = 2147483647;
			files = (
				F23724BE1C6EEA71005D1E8A /* chocoswift1Tests.swift in Sources */,
			);
			runOnlyForDeploymentPostprocessing = 0;
		};
/* End PBXSourcesBuildPhase section */

/* Begin PBXTargetDependency section */
		F23724BB1C6EEA71005D1E8A /* PBXTargetDependency */ = {
			isa = PBXTargetDependency;
			target = F23724A41C6EEA70005D1E8A /* chocoswift1 */;
			targetProxy = F23724BA1C6EEA71005D1E8A /* PBXContainerItemProxy */;
		};
/* End PBXTargetDependency section */

/* Begin PBXVariantGroup section */
		F23724AC1C6EEA70005D1E8A /* Main.storyboard */ = {
			isa = PBXVariantGroup;
			children = (
				F23724AD1C6EEA70005D1E8A /* Base */,
			);
			name = Main.storyboard;
			sourceTree = "<group>";
		};
		F23724B11C6EEA70005D1E8A /* LaunchScreen.storyboard */ = {
			isa = PBXVariantGroup;
			children = (
				F23724B21C6EEA70005D1E8A /* Base */,
			);
			name = LaunchScreen.storyboard;
			sourceTree = "<group>";
		};
/* End PBXVariantGroup section */

/* Begin XCBuildConfiguration section */
		F23724C01C6EEA71005D1E8A /* Debug */ = {
			isa = XCBuildConfiguration;
			buildSettings = {
				ALWAYS_SEARCH_USER_PATHS = NO;
				CLANG_CXX_LANGUAGE_STANDARD = "gnu++0x";
				CLANG_CXX_LIBRARY = "libc++";
				CLANG_ENABLE_MODULES = YES;
				CLANG_ENABLE_OBJC_ARC = YES;
				CLANG_WARN_BOOL_CONVERSION = YES;
				CLANG_WARN_CONSTANT_CONVERSION = YES;
				CLANG_WARN_DIRECT_OBJC_ISA_USAGE = YES_ERROR;
				CLANG_WARN_EMPTY_BODY = YES;
				CLANG_WARN_ENUM_CONVERSION = YES;
				CLANG_WARN_INT_CONVERSION = YES;
				CLANG_WARN_OBJC_ROOT_CLASS = YES_ERROR;
				CLANG_WARN_UNREACHABLE_CODE = YES;
				CLANG_WARN__DUPLICATE_METHOD_MATCH = YES;
				"CODE_SIGN_IDENTITY[sdk=iphoneos*]" = "iPhone Developer";
				COPY_PHASE_STRIP = NO;
				DEBUG_INFORMATION_FORMAT = dwarf;
				ENABLE_STRICT_OBJC_MSGSEND = YES;
				ENABLE_TESTABILITY = YES;
				GCC_C_LANGUAGE_STANDARD = gnu99;
				GCC_DYNAMIC_NO_PIC = NO;
				GCC_NO_COMMON_BLOCKS = YES;
				GCC_OPTIMIZATION_LEVEL = 0;
				GCC_PREPROCESSOR_DEFINITIONS = (
					"DEBUG=1",
					"$(inherited)",
				);
				GCC_WARN_64_TO_32_BIT_CONVERSION = YES;
				GCC_WARN_ABOUT_RETURN_TYPE = YES_ERROR;
				GCC_WARN_UNDECLARED_SELECTOR = YES;
				GCC_WARN_UNINITIALIZED_AUTOS = YES_AGGRESSIVE;
				GCC_WARN_UNUSED_FUNCTION = YES;
				GCC_WARN_UNUSED_VARIABLE = YES;
				IPHONEOS_DEPLOYMENT_TARGET = 9.2;
				MTL_ENABLE_DEBUG_INFO = YES;
				ONLY_ACTIVE_ARCH = YES;
				SDKROOT = iphoneos;
				SWIFT_OPTIMIZATION_LEVEL = "-Onone";
				TARGETED_DEVICE_FAMILY = "1,2";
			};
			name = Debug;
		};
		F23724C11C6EEA71005D1E8A /* Release */ = {
			isa = XCBuildConfiguration;
			buildSettings = {
				ALWAYS_SEARCH_USER_PATHS = NO;
				CLANG_CXX_LANGUAGE_STANDARD = "gnu++0x";
				CLANG_CXX_LIBRARY = "libc++";
				CLANG_ENABLE_MODULES = YES;
				CLANG_ENABLE_OBJC_ARC = YES;
				CLANG_WARN_BOOL_CONVERSION = YES;
				CLANG_WARN_CONSTANT_CONVERSION = YES;
				CLANG_WARN_DIRECT_OBJC_ISA_USAGE = YES_ERROR;
				CLANG_WARN_EMPTY_BODY = YES;
				CLANG_WARN_ENUM_CONVERSION = YES;
				CLANG_WARN_INT_CONVERSION = YES;
				CLANG_WARN_OBJC_ROOT_CLASS = YES_ERROR;
				CLANG_WARN_UNREACHABLE_CODE = YES;
				CLANG_WARN__DUPLICATE_METHOD_MATCH = YES;
				"CODE_SIGN_IDENTITY[sdk=iphoneos*]" = "iPhone Developer";
				COPY_PHASE_STRIP = NO;
				DEBUG_INFORMATION_FORMAT = "dwarf-with-dsym";
				ENABLE_NS_ASSERTIONS = NO;
				ENABLE_STRICT_OBJC_MSGSEND = YES;
				GCC_C_LANGUAGE_STANDARD = gnu99;
				GCC_NO_COMMON_BLOCKS = YES;
				GCC_WARN_64_TO_32_BIT_CONVERSION = YES;
				GCC_WARN_ABOUT_RETURN_TYPE = YES_ERROR;
				GCC_WARN_UNDECLARED_SELECTOR = YES;
				GCC_WARN_UNINITIALIZED_AUTOS = YES_AGGRESSIVE;
				GCC_WARN_UNUSED_FUNCTION = YES;
				GCC_WARN_UNUSED_VARIABLE = YES;
				IPHONEOS_DEPLOYMENT_TARGET = 9.2;
				MTL_ENABLE_DEBUG_INFO = NO;
				SDKROOT = iphoneos;
				TARGETED_DEVICE_FAMILY = "1,2";
				VALIDATE_PRODUCT = YES;
			};
			name = Release;
		};
		F23724C31C6EEA71005D1E8A /* Debug */ = {
			isa = XCBuildConfiguration;
			buildSettings = {
				ASSETCATALOG_COMPILER_APPICON_NAME = AppIcon;
				INFOPLIST_FILE = chocoswift1/Info.plist;
				LD_RUNPATH_SEARCH_PATHS = "$(inherited) @executable_path/Frameworks";
				PRODUCT_BUNDLE_IDENTIFIER = net.haranicle.chocoswift1;
				PRODUCT_NAME = "$(TARGET_NAME)";
			};
			name = Debug;
		};
		F23724C41C6EEA71005D1E8A /* Release */ = {
			isa = XCBuildConfiguration;
			buildSettings = {
				ASSETCATALOG_COMPILER_APPICON_NAME = AppIcon;
				INFOPLIST_FILE = chocoswift1/Info.plist;
				LD_RUNPATH_SEARCH_PATHS = "$(inherited) @executable_path/Frameworks";
				PRODUCT_BUNDLE_IDENTIFIER = net.haranicle.chocoswift1;
				PRODUCT_NAME = "$(TARGET_NAME)";
			};
			name = Release;
		};
		F23724C61C6EEA71005D1E8A /* Debug */ = {
			isa = XCBuildConfiguration;
			buildSettings = {
				BUNDLE_LOADER = "$(TEST_HOST)";
				INFOPLIST_FILE = chocoswift1Tests/Info.plist;
				LD_RUNPATH_SEARCH_PATHS = "$(inherited) @executable_path/Frameworks @loader_path/Frameworks";
				PRODUCT_BUNDLE_IDENTIFIER = net.haranicle.chocoswift1Tests;
				PRODUCT_NAME = "$(TARGET_NAME)";
				TEST_HOST = "$(BUILT_PRODUCTS_DIR)/chocoswift1.app/chocoswift1";
			};
			name = Debug;
		};
		F23724C71C6EEA71005D1E8A /* Release */ = {
			isa = XCBuildConfiguration;
			buildSettings = {
				BUNDLE_LOADER = "$(TEST_HOST)";
				INFOPLIST_FILE = chocoswift1Tests/Info.plist;
				LD_RUNPATH_SEARCH_PATHS = "$(inherited) @executable_path/Frameworks @loader_path/Frameworks";
				PRODUCT_BUNDLE_IDENTIFIER = net.haranicle.chocoswift1Tests;
				PRODUCT_NAME = "$(TARGET_NAME)";
				TEST_HOST = "$(BUILT_PRODUCTS_DIR)/chocoswift1.app/chocoswift1";
			};
			name = Release;
		};
/* End XCBuildConfiguration section */

/* Begin XCConfigurationList section */
		F23724A01C6EEA70005D1E8A /* Build configuration list for PBXProject "chocoswift1" */ = {
			isa = XCConfigurationList;
			buildConfigurations = (
				F23724C01C6EEA71005D1E8A /* Debug */,
				F23724C11C6EEA71005D1E8A /* Release */,
			);
			defaultConfigurationIsVisible = 0;
			defaultConfigurationName = Release;
		};
		F23724C21C6EEA71005D1E8A /* Build configuration list for PBXNativeTarget "chocoswift1" */ = {
			isa = XCConfigurationList;
			buildConfigurations = (
				F23724C31C6EEA71005D1E8A /* Debug */,
				F23724C41C6EEA71005D1E8A /* Release */,
			);
			defaultConfigurationIsVisible = 0;
			defaultConfigurationName = Release;
		};
		F23724C51C6EEA71005D1E8A /* Build configuration list for PBXNativeTarget "chocoswift1Tests" */ = {
			isa = XCConfigurationList;
			buildConfigurations = (
				F23724C61C6EEA71005D1E8A /* Debug */,
				F23724C71C6EEA71005D1E8A /* Release */,
			);
			defaultConfigurationIsVisible = 0;
			defaultConfigurationName = Release;
		};
/* End XCConfigurationList section */
	};
	rootObject = F237249D1C6EEA70005D1E8A /* Project object */;
}
